
Microsoft Visual Studio Solution File, Format Version 12.00
# Visual Studio 2012
Project("{2150E333-8FDC-42A3-9474-1A3956D46DE8}") = "Comportamentais", "Comportamentais", "{4CB6F403-B034-4095-99C0-E4E93C4B467F}"
EndProject
Project("{2150E333-8FDC-42A3-9474-1A3956D46DE8}") = "Criacionais", "Criacionais", "{3E0A91D7-A847-4224-909E-8575AE58C861}"
EndProject
Project("{2150E333-8FDC-42A3-9474-1A3956D46DE8}") = "Estruturais", "Estruturais", "{FB4DF9EB-2FDE-42B9-AA48-B5C9B7E3C030}"
EndProject
Project("{FAE04EC0-301F-11D3-BF4B-00C04F79EFBC}") = "Singleton", "Singleton\Singleton.csproj", "{87F2797A-743E-4E23-B669-38D6B2BC4EC0}"
EndProject
Project("{FAE04EC0-301F-11D3-BF4B-00C04F79EFBC}") = "AbstractFactory", "AbstractMethod\AbstractFactory.csproj", "{6A4415C1-123E-49F2-B6B3-C74D60194570}"
EndProject
Project("{FAE04EC0-301F-11D3-BF4B-00C04F79EFBC}") = "FactoryMethod", "FactoryMethod\FactoryMethod.csproj", "{BF6FF825-2A29-4B77-A619-B96A4BBBC1AF}"
EndProject
Project("{FAE04EC0-301F-11D3-BF4B-00C04F79EFBC}") = "Builder", "Builder\Builder.csproj", "{BC1E9473-9A96-44C1-BEFB-1B5FE69C2306}"
EndProject
Project("{FAE04EC0-301F-11D3-BF4B-00C04F79EFBC}") = "Prototype", "Prototype\Prototype.csproj", "{AC57EA8B-FC5B-44BE-91E5-F11BE964B052}"
EndProject
Project("{FAE04EC0-301F-11D3-BF4B-00C04F79EFBC}") = "Adapter", "Adapter\Adapter.csproj", "{474E6DE6-50AD-4C67-BF9D-BA29B062B907}"
EndProject
Project("{FAE04EC0-301F-11D3-BF4B-00C04F79EFBC}") = "Bridge", "Bridge\Bridge.csproj", "{A4F42641-41AF-4306-A7AC-614CA60ECC68}"
EndProject
Project("{FAE04EC0-301F-11D3-BF4B-00C04F79EFBC}") = "Composite", "Composite\Composite.csproj", "{77866874-79B5-4D0A-9FF9-57E5B2E62EA9}"
EndProject
Project("{FAE04EC0-301F-11D3-BF4B-00C04F79EFBC}") = "Decorator", "Decorator\Decorator.csproj", "{F3418F03-1216-406F-B94E-1E3A4C6D83B1}"
EndProject
Project("{FAE04EC0-301F-11D3-BF4B-00C04F79EFBC}") = "Facade", "Facade\Facade.csproj", "{D28BEB46-3F25-4C8D-A35E-5D7998AA0AEC}"
EndProject
Project("{FAE04EC0-301F-11D3-BF4B-00C04F79EFBC}") = "Flyweight", "Flyweight\Flyweight.csproj", "{C71C5FC1-D392-42D1-B16B-264AFD644B5A}"
EndProject
Project("{FAE04EC0-301F-11D3-BF4B-00C04F79EFBC}") = "Proxy", "Proxy\Proxy.csproj", "{C1ADD92A-A3F8-4963-8939-05DF6FEF32BD}"
EndProject
Project("{FAE04EC0-301F-11D3-BF4B-00C04F79EFBC}") = "ChainOfResponsibility", "ChainOfResponsibility\ChainOfResponsibility.csproj", "{710AFE5C-5E11-4118-9C13-9D4DE71E5084}"
EndProject
Project("{FAE04EC0-301F-11D3-BF4B-00C04F79EFBC}") = "Command", "Command\Command.csproj", "{5314EB29-7111-4823-8F90-13E3664E886F}"
EndProject
Project("{FAE04EC0-301F-11D3-BF4B-00C04F79EFBC}") = "Interpreter", "Interpreter\Interpreter.csproj", "{1669D932-DC78-4021-932C-BC59FA543FA8}"
EndProject
Project("{FAE04EC0-301F-11D3-BF4B-00C04F79EFBC}") = "Iterator", "Iterator\Iterator.csproj", "{62B0D053-AD2D-4891-B63F-488FB6BA2FCD}"
EndProject
Project("{FAE04EC0-301F-11D3-BF4B-00C04F79EFBC}") = "Mediator", "Mediator\Mediator.csproj", "{538C8EAA-AF3A-4A01-B9AD-897C215928EA}"
EndProject
Project("{FAE04EC0-301F-11D3-BF4B-00C04F79EFBC}") = "Memento", "Memento\Memento.csproj", "{617B70D2-8D4A-42CF-975A-D9F957915B2E}"
EndProject
Project("{FAE04EC0-301F-11D3-BF4B-00C04F79EFBC}") = "Observer", "Observer\Observer.csproj", "{CC724C5D-46F9-4C59-84B0-4E267B9B9349}"
EndProject
Project("{FAE04EC0-301F-11D3-BF4B-00C04F79EFBC}") = "State", "State\State.csproj", "{1E2BFF70-8F44-4032-AF27-7B829C06E7F3}"
EndProject
Project("{FAE04EC0-301F-11D3-BF4B-00C04F79EFBC}") = "Strategy", "Strategy\Strategy.csproj", "{F1A68FA5-F17A-4B9A-A82D-EFD07B9DF481}"
EndProject
Project("{FAE04EC0-301F-11D3-BF4B-00C04F79EFBC}") = "TemplateMethod", "TemplateMethod\TemplateMethod.csproj", "{5B179EBA-86AA-4B1D-8443-3E8B9B8B4498}"
EndProject
Project("{FAE04EC0-301F-11D3-BF4B-00C04F79EFBC}") = "Visitor", "Visitor\Visitor.csproj", "{477A8734-CF98-460D-AA85-16DB3DF3B035}"
EndProject
Global
	GlobalSection(SolutionConfigurationPlatforms) = preSolution
		Debug|Any CPU = Debug|Any CPU
		Release|Any CPU = Release|Any CPU
	EndGlobalSection
	GlobalSection(ProjectConfigurationPlatforms) = postSolution
		{87F2797A-743E-4E23-B669-38D6B2BC4EC0}.Debug|Any CPU.ActiveCfg = Debug|Any CPU
		{87F2797A-743E-4E23-B669-38D6B2BC4EC0}.Debug|Any CPU.Build.0 = Debug|Any CPU
		{87F2797A-743E-4E23-B669-38D6B2BC4EC0}.Release|Any CPU.ActiveCfg = Release|Any CPU
		{87F2797A-743E-4E23-B669-38D6B2BC4EC0}.Release|Any CPU.Build.0 = Release|Any CPU
		{6A4415C1-123E-49F2-B6B3-C74D60194570}.Debug|Any CPU.ActiveCfg = Debug|Any CPU
		{6A4415C1-123E-49F2-B6B3-C74D60194570}.Debug|Any CPU.Build.0 = Debug|Any CPU
		{6A4415C1-123E-49F2-B6B3-C74D60194570}.Release|Any CPU.ActiveCfg = Release|Any CPU
		{6A4415C1-123E-49F2-B6B3-C74D60194570}.Release|Any CPU.Build.0 = Release|Any CPU
		{BF6FF825-2A29-4B77-A619-B96A4BBBC1AF}.Debug|Any CPU.ActiveCfg = Debug|Any CPU
		{BF6FF825-2A29-4B77-A619-B96A4BBBC1AF}.Debug|Any CPU.Build.0 = Debug|Any CPU
		{BF6FF825-2A29-4B77-A619-B96A4BBBC1AF}.Release|Any CPU.ActiveCfg = Release|Any CPU
		{BF6FF825-2A29-4B77-A619-B96A4BBBC1AF}.Release|Any CPU.Build.0 = Release|Any CPU
		{BC1E9473-9A96-44C1-BEFB-1B5FE69C2306}.Debug|Any CPU.ActiveCfg = Debug|Any CPU
		{BC1E9473-9A96-44C1-BEFB-1B5FE69C2306}.Debug|Any CPU.Build.0 = Debug|Any CPU
		{BC1E9473-9A96-44C1-BEFB-1B5FE69C2306}.Release|Any CPU.ActiveCfg = Release|Any CPU
		{BC1E9473-9A96-44C1-BEFB-1B5FE69C2306}.Release|Any CPU.Build.0 = Release|Any CPU
		{AC57EA8B-FC5B-44BE-91E5-F11BE964B052}.Debug|Any CPU.ActiveCfg = Debug|Any CPU
		{AC57EA8B-FC5B-44BE-91E5-F11BE964B052}.Debug|Any CPU.Build.0 = Debug|Any CPU
		{AC57EA8B-FC5B-44BE-91E5-F11BE964B052}.Release|Any CPU.ActiveCfg = Release|Any CPU
		{AC57EA8B-FC5B-44BE-91E5-F11BE964B052}.Release|Any CPU.Build.0 = Release|Any CPU
		{474E6DE6-50AD-4C67-BF9D-BA29B062B907}.Debug|Any CPU.ActiveCfg = Debug|Any CPU
		{474E6DE6-50AD-4C67-BF9D-BA29B062B907}.Debug|Any CPU.Build.0 = Debug|Any CPU
		{474E6DE6-50AD-4C67-BF9D-BA29B062B907}.Release|Any CPU.ActiveCfg = Release|Any CPU
		{474E6DE6-50AD-4C67-BF9D-BA29B062B907}.Release|Any CPU.Build.0 = Release|Any CPU
		{A4F42641-41AF-4306-A7AC-614CA60ECC68}.Debug|Any CPU.ActiveCfg = Debug|Any CPU
		{A4F42641-41AF-4306-A7AC-614CA60ECC68}.Debug|Any CPU.Build.0 = Debug|Any CPU
		{A4F42641-41AF-4306-A7AC-614CA60ECC68}.Release|Any CPU.ActiveCfg = Release|Any CPU
		{A4F42641-41AF-4306-A7AC-614CA60ECC68}.Release|Any CPU.Build.0 = Release|Any CPU
		{77866874-79B5-4D0A-9FF9-57E5B2E62EA9}.Debug|Any CPU.ActiveCfg = Debug|Any CPU
		{77866874-79B5-4D0A-9FF9-57E5B2E62EA9}.Debug|Any CPU.Build.0 = Debug|Any CPU
		{77866874-79B5-4D0A-9FF9-57E5B2E62EA9}.Release|Any CPU.ActiveCfg = Release|Any CPU
		{77866874-79B5-4D0A-9FF9-57E5B2E62EA9}.Release|Any CPU.Build.0 = Release|Any CPU
		{F3418F03-1216-406F-B94E-1E3A4C6D83B1}.Debug|Any CPU.ActiveCfg = Debug|Any CPU
		{F3418F03-1216-406F-B94E-1E3A4C6D83B1}.Debug|Any CPU.Build.0 = Debug|Any CPU
		{F3418F03-1216-406F-B94E-1E3A4C6D83B1}.Release|Any CPU.ActiveCfg = Release|Any CPU
		{F3418F03-1216-406F-B94E-1E3A4C6D83B1}.Release|Any CPU.Build.0 = Release|Any CPU
		{D28BEB46-3F25-4C8D-A35E-5D7998AA0AEC}.Debug|Any CPU.ActiveCfg = Debug|Any CPU
		{D28BEB46-3F25-4C8D-A35E-5D7998AA0AEC}.Debug|Any CPU.Build.0 = Debug|Any CPU
		{D28BEB46-3F25-4C8D-A35E-5D7998AA0AEC}.Release|Any CPU.ActiveCfg = Release|Any CPU
		{D28BEB46-3F25-4C8D-A35E-5D7998AA0AEC}.Release|Any CPU.Build.0 = Release|Any CPU
		{C71C5FC1-D392-42D1-B16B-264AFD644B5A}.Debug|Any CPU.ActiveCfg = Debug|Any CPU
		{C71C5FC1-D392-42D1-B16B-264AFD644B5A}.Debug|Any CPU.Build.0 = Debug|Any CPU
		{C71C5FC1-D392-42D1-B16B-264AFD644B5A}.Release|Any CPU.ActiveCfg = Release|Any CPU
		{C71C5FC1-D392-42D1-B16B-264AFD644B5A}.Release|Any CPU.Build.0 = Release|Any CPU
		{C1ADD92A-A3F8-4963-8939-05DF6FEF32BD}.Debug|Any CPU.ActiveCfg = Debug|Any CPU
		{C1ADD92A-A3F8-4963-8939-05DF6FEF32BD}.Debug|Any CPU.Build.0 = Debug|Any CPU
		{C1ADD92A-A3F8-4963-8939-05DF6FEF32BD}.Release|Any CPU.ActiveCfg = Release|Any CPU
		{C1ADD92A-A3F8-4963-8939-05DF6FEF32BD}.Release|Any CPU.Build.0 = Release|Any CPU
		{710AFE5C-5E11-4118-9C13-9D4DE71E5084}.Debug|Any CPU.ActiveCfg = Debug|Any CPU
		{710AFE5C-5E11-4118-9C13-9D4DE71E5084}.Debug|Any CPU.Build.0 = Debug|Any CPU
		{710AFE5C-5E11-4118-9C13-9D4DE71E5084}.Release|Any CPU.ActiveCfg = Release|Any CPU
		{710AFE5C-5E11-4118-9C13-9D4DE71E5084}.Release|Any CPU.Build.0 = Release|Any CPU
		{5314EB29-7111-4823-8F90-13E3664E886F}.Debug|Any CPU.ActiveCfg = Debug|Any CPU
		{5314EB29-7111-4823-8F90-13E3664E886F}.Debug|Any CPU.Build.0 = Debug|Any CPU
		{5314EB29-7111-4823-8F90-13E3664E886F}.Release|Any CPU.ActiveCfg = Release|Any CPU
		{5314EB29-7111-4823-8F90-13E3664E886F}.Release|Any CPU.Build.0 = Release|Any CPU
		{1669D932-DC78-4021-932C-BC59FA543FA8}.Debug|Any CPU.ActiveCfg = Debug|Any CPU
		{1669D932-DC78-4021-932C-BC59FA543FA8}.Debug|Any CPU.Build.0 = Debug|Any CPU
		{1669D932-DC78-4021-932C-BC59FA543FA8}.Release|Any CPU.ActiveCfg = Release|Any CPU
		{1669D932-DC78-4021-932C-BC59FA543FA8}.Release|Any CPU.Build.0 = Release|Any CPU
		{62B0D053-AD2D-4891-B63F-488FB6BA2FCD}.Debug|Any CPU.ActiveCfg = Debug|Any CPU
		{62B0D053-AD2D-4891-B63F-488FB6BA2FCD}.Debug|Any CPU.Build.0 = Debug|Any CPU
		{62B0D053-AD2D-4891-B63F-488FB6BA2FCD}.Release|Any CPU.ActiveCfg = Release|Any CPU
		{62B0D053-AD2D-4891-B63F-488FB6BA2FCD}.Release|Any CPU.Build.0 = Release|Any CPU
		{538C8EAA-AF3A-4A01-B9AD-897C215928EA}.Debug|Any CPU.ActiveCfg = Debug|Any CPU
		{538C8EAA-AF3A-4A01-B9AD-897C215928EA}.Debug|Any CPU.Build.0 = Debug|Any CPU
		{538C8EAA-AF3A-4A01-B9AD-897C215928EA}.Release|Any CPU.ActiveCfg = Release|Any CPU
		{538C8EAA-AF3A-4A01-B9AD-897C215928EA}.Release|Any CPU.Build.0 = Release|Any CPU
		{617B70D2-8D4A-42CF-975A-D9F957915B2E}.Debug|Any CPU.ActiveCfg = Debug|Any CPU
		{617B70D2-8D4A-42CF-975A-D9F957915B2E}.Debug|Any CPU.Build.0 = Debug|Any CPU
		{617B70D2-8D4A-42CF-975A-D9F957915B2E}.Release|Any CPU.ActiveCfg = Release|Any CPU
		{617B70D2-8D4A-42CF-975A-D9F957915B2E}.Release|Any CPU.Build.0 = Release|Any CPU
		{CC724C5D-46F9-4C59-84B0-4E267B9B9349}.Debug|Any CPU.ActiveCfg = Debug|Any CPU
		{CC724C5D-46F9-4C59-84B0-4E267B9B9349}.Debug|Any CPU.Build.0 = Debug|Any CPU
		{CC724C5D-46F9-4C59-84B0-4E267B9B9349}.Release|Any CPU.ActiveCfg = Release|Any CPU
		{CC724C5D-46F9-4C59-84B0-4E267B9B9349}.Release|Any CPU.Build.0 = Release|Any CPU
		{1E2BFF70-8F44-4032-AF27-7B829C06E7F3}.Debug|Any CPU.ActiveCfg = Debug|Any CPU
		{1E2BFF70-8F44-4032-AF27-7B829C06E7F3}.Debug|Any CPU.Build.0 = Debug|Any CPU
		{1E2BFF70-8F44-4032-AF27-7B829C06E7F3}.Release|Any CPU.ActiveCfg = Release|Any CPU
		{1E2BFF70-8F44-4032-AF27-7B829C06E7F3}.Release|Any CPU.Build.0 = Release|Any CPU
		{F1A68FA5-F17A-4B9A-A82D-EFD07B9DF481}.Debug|Any CPU.ActiveCfg = Debug|Any CPU
		{F1A68FA5-F17A-4B9A-A82D-EFD07B9DF481}.Debug|Any CPU.Build.0 = Debug|Any CPU
		{F1A68FA5-F17A-4B9A-A82D-EFD07B9DF481}.Release|Any CPU.ActiveCfg = Release|Any CPU
		{F1A68FA5-F17A-4B9A-A82D-EFD07B9DF481}.Release|Any CPU.Build.0 = Release|Any CPU
		{5B179EBA-86AA-4B1D-8443-3E8B9B8B4498}.Debug|Any CPU.ActiveCfg = Debug|Any CPU
		{5B179EBA-86AA-4B1D-8443-3E8B9B8B4498}.Debug|Any CPU.Build.0 = Debug|Any CPU
		{5B179EBA-86AA-4B1D-8443-3E8B9B8B4498}.Release|Any CPU.ActiveCfg = Release|Any CPU
		{5B179EBA-86AA-4B1D-8443-3E8B9B8B4498}.Release|Any CPU.Build.0 = Release|Any CPU
		{477A8734-CF98-460D-AA85-16DB3DF3B035}.Debug|Any CPU.ActiveCfg = Debug|Any CPU
		{477A8734-CF98-460D-AA85-16DB3DF3B035}.Debug|Any CPU.Build.0 = Debug|Any CPU
		{477A8734-CF98-460D-AA85-16DB3DF3B035}.Release|Any CPU.ActiveCfg = Release|Any CPU
		{477A8734-CF98-460D-AA85-16DB3DF3B035}.Release|Any CPU.Build.0 = Release|Any CPU
	EndGlobalSection
	GlobalSection(SolutionProperties) = preSolution
		HideSolutionNode = FALSE
	EndGlobalSection
	GlobalSection(NestedProjects) = preSolution
		{710AFE5C-5E11-4118-9C13-9D4DE71E5084} = {4CB6F403-B034-4095-99C0-E4E93C4B467F}
		{5314EB29-7111-4823-8F90-13E3664E886F} = {4CB6F403-B034-4095-99C0-E4E93C4B467F}
		{1669D932-DC78-4021-932C-BC59FA543FA8} = {4CB6F403-B034-4095-99C0-E4E93C4B467F}
		{62B0D053-AD2D-4891-B63F-488FB6BA2FCD} = {4CB6F403-B034-4095-99C0-E4E93C4B467F}
		{538C8EAA-AF3A-4A01-B9AD-897C215928EA} = {4CB6F403-B034-4095-99C0-E4E93C4B467F}
		{617B70D2-8D4A-42CF-975A-D9F957915B2E} = {4CB6F403-B034-4095-99C0-E4E93C4B467F}
		{CC724C5D-46F9-4C59-84B0-4E267B9B9349} = {4CB6F403-B034-4095-99C0-E4E93C4B467F}
		{1E2BFF70-8F44-4032-AF27-7B829C06E7F3} = {4CB6F403-B034-4095-99C0-E4E93C4B467F}
		{F1A68FA5-F17A-4B9A-A82D-EFD07B9DF481} = {4CB6F403-B034-4095-99C0-E4E93C4B467F}
		{5B179EBA-86AA-4B1D-8443-3E8B9B8B4498} = {4CB6F403-B034-4095-99C0-E4E93C4B467F}
		{477A8734-CF98-460D-AA85-16DB3DF3B035} = {4CB6F403-B034-4095-99C0-E4E93C4B467F}
		{87F2797A-743E-4E23-B669-38D6B2BC4EC0} = {3E0A91D7-A847-4224-909E-8575AE58C861}
		{6A4415C1-123E-49F2-B6B3-C74D60194570} = {3E0A91D7-A847-4224-909E-8575AE58C861}
		{BF6FF825-2A29-4B77-A619-B96A4BBBC1AF} = {3E0A91D7-A847-4224-909E-8575AE58C861}
		{BC1E9473-9A96-44C1-BEFB-1B5FE69C2306} = {3E0A91D7-A847-4224-909E-8575AE58C861}
		{AC57EA8B-FC5B-44BE-91E5-F11BE964B052} = {3E0A91D7-A847-4224-909E-8575AE58C861}
		{474E6DE6-50AD-4C67-BF9D-BA29B062B907} = {FB4DF9EB-2FDE-42B9-AA48-B5C9B7E3C030}
		{A4F42641-41AF-4306-A7AC-614CA60ECC68} = {FB4DF9EB-2FDE-42B9-AA48-B5C9B7E3C030}
		{77866874-79B5-4D0A-9FF9-57E5B2E62EA9} = {FB4DF9EB-2FDE-42B9-AA48-B5C9B7E3C030}
		{F3418F03-1216-406F-B94E-1E3A4C6D83B1} = {FB4DF9EB-2FDE-42B9-AA48-B5C9B7E3C030}
		{D28BEB46-3F25-4C8D-A35E-5D7998AA0AEC} = {FB4DF9EB-2FDE-42B9-AA48-B5C9B7E3C030}
		{C71C5FC1-D392-42D1-B16B-264AFD644B5A} = {FB4DF9EB-2FDE-42B9-AA48-B5C9B7E3C030}
		{C1ADD92A-A3F8-4963-8939-05DF6FEF32BD} = {FB4DF9EB-2FDE-42B9-AA48-B5C9B7E3C030}
	EndGlobalSection
EndGlobal
